
Microsoft Visual Studio Solution File, Format Version 12.00
# Visual Studio 2013
VisualStudioVersion = 12.0.21005.1
MinimumVisualStudioVersion = 10.0.40219.1
Project("{FAE04EC0-301F-11D3-BF4B-00C04F79EFBC}") = "AddressBook", "AddressBook\AddressBook.csproj", "{74F88966-F160-478D-9C12-F4762309266E}"
EndProject
Project("{FAE04EC0-301F-11D3-BF4B-00C04F79EFBC}") = "AddressBook.DAL", "AddressBook.DAL\AddressBook.DAL.csproj", "{5B6EC7DC-BD3E-4A3E-B8DE-04AFC39F5CDD}"
EndProject
Project("{FAE04EC0-301F-11D3-BF4B-00C04F79EFBC}") = "AddressBook.Business", "AddressBokk.Business\AddressBook.Business.csproj", "{8B16E3E7-C463-4DD9-90CE-EECF0A706EC6}"
EndProject
Global
	GlobalSection(SolutionConfigurationPlatforms) = preSolution
		Debug|Any CPU = Debug|Any CPU
		Release|Any CPU = Release|Any CPU
	EndGlobalSection
	GlobalSection(ProjectConfigurationPlatforms) = postSolution
		{74F88966-F160-478D-9C12-F4762309266E}.Debug|Any CPU.ActiveCfg = Debug|Any CPU
		{74F88966-F160-478D-9C12-F4762309266E}.Debug|Any CPU.Build.0 = Debug|Any CPU
		{74F88966-F160-478D-9C12-F4762309266E}.Release|Any CPU.ActiveCfg = Release|Any CPU
		{74F88966-F160-478D-9C12-F4762309266E}.Release|Any CPU.Build.0 = Release|Any CPU
		{5B6EC7DC-BD3E-4A3E-B8DE-04AFC39F5CDD}.Debug|Any CPU.ActiveCfg = Debug|Any CPU
		{5B6EC7DC-BD3E-4A3E-B8DE-04AFC39F5CDD}.Debug|Any CPU.Build.0 = Debug|Any CPU
		{5B6EC7DC-BD3E-4A3E-B8DE-04AFC39F5CDD}.Release|Any CPU.ActiveCfg = Release|Any CPU
		{5B6EC7DC-BD3E-4A3E-B8DE-04AFC39F5CDD}.Release|Any CPU.Build.0 = Release|Any CPU
		{8B16E3E7-C463-4DD9-90CE-EECF0A706EC6}.Debug|Any CPU.ActiveCfg = Debug|Any CPU
		{8B16E3E7-C463-4DD9-90CE-EECF0A706EC6}.Debug|Any CPU.Build.0 = Debug|Any CPU
		{8B16E3E7-C463-4DD9-90CE-EECF0A706EC6}.Release|Any CPU.ActiveCfg = Release|Any CPU
		{8B16E3E7-C463-4DD9-90CE-EECF0A706EC6}.Release|Any CPU.Build.0 = Release|Any CPU
	EndGlobalSection
	GlobalSection(SolutionProperties) = preSolution
		HideSolutionNode = FALSE
	EndGlobalSection
EndGlobal
